// !$*UTF8*$!
{
	archiveVersion = 1;
	classes = {
	};
	objectVersion = 46;
	objects = {

/* Begin PBXBuildFile section */
		1E0767C02EEE6CEE402AA8C0 /* Pods_Momentum.framework in Frameworks */ = {isa = PBXBuildFile; fileRef = 3C8F4DDAC7605F911B5D3FC2 /* Pods_Momentum.framework */; };
		353063D11EC4B652003F542B /* AppDelegate.swift in Sources */ = {isa = PBXBuildFile; fileRef = 353063D01EC4B652003F542B /* AppDelegate.swift */; };
		353063D61EC4B652003F542B /* Main.storyboard in Resources */ = {isa = PBXBuildFile; fileRef = 353063D41EC4B652003F542B /* Main.storyboard */; };
		353063D81EC4B652003F542B /* Assets.xcassets in Resources */ = {isa = PBXBuildFile; fileRef = 353063D71EC4B652003F542B /* Assets.xcassets */; };
		353063DB1EC4B652003F542B /* LaunchScreen.storyboard in Resources */ = {isa = PBXBuildFile; fileRef = 353063D91EC4B652003F542B /* LaunchScreen.storyboard */; };
		353063E31EC4B81F003F542B /* Constants.swift in Sources */ = {isa = PBXBuildFile; fileRef = 353063E21EC4B81F003F542B /* Constants.swift */; };
		353063E61EC4B854003F542B /* MomentumApiClient.swift in Sources */ = {isa = PBXBuildFile; fileRef = 353063E51EC4B854003F542B /* MomentumApiClient.swift */; };
		353063E91EC4B915003F542B /* MomentumRouter.swift in Sources */ = {isa = PBXBuildFile; fileRef = 353063E81EC4B915003F542B /* MomentumRouter.swift */; };
		353063EB1EC4BEC2003F542B /* ApplicationsResponse.swift in Sources */ = {isa = PBXBuildFile; fileRef = 353063EA1EC4BEC2003F542B /* ApplicationsResponse.swift */; };
		353063ED1EC4BEF6003F542B /* Application.swift in Sources */ = {isa = PBXBuildFile; fileRef = 353063EC1EC4BEF6003F542B /* Application.swift */; };
		353063EF1EC4BFFE003F542B /* Model.xcdatamodel in Sources */ = {isa = PBXBuildFile; fileRef = 353063EE1EC4BFFE003F542B /* Model.xcdatamodel */; };
		353063F41EC4C085003F542B /* CDApplication.swift in Sources */ = {isa = PBXBuildFile; fileRef = 353063F01EC4C085003F542B /* CDApplication.swift */; };
		353063F51EC4C085003F542B /* CDApplication+CoreDataProperties.swift in Sources */ = {isa = PBXBuildFile; fileRef = 353063F11EC4C085003F542B /* CDApplication+CoreDataProperties.swift */; };
		353063F61EC4C085003F542B /* CDPhoto.swift in Sources */ = {isa = PBXBuildFile; fileRef = 353063F21EC4C085003F542B /* CDPhoto.swift */; };
		353063F71EC4C085003F542B /* CDPhoto+CoreDataProperties.swift in Sources */ = {isa = PBXBuildFile; fileRef = 353063F31EC4C085003F542B /* CDPhoto+CoreDataProperties.swift */; };
		353063FD1EC4C43E003F542B /* CoreDataOperations.swift in Sources */ = {isa = PBXBuildFile; fileRef = 353063FC1EC4C43E003F542B /* CoreDataOperations.swift */; };
		353063FF1EC4C862003F542B /* LoadingViewModel.swift in Sources */ = {isa = PBXBuildFile; fileRef = 353063FE1EC4C862003F542B /* LoadingViewModel.swift */; };
		353064031EC4C9E3003F542B /* Protocols.swift in Sources */ = {isa = PBXBuildFile; fileRef = 353064021EC4C9E3003F542B /* Protocols.swift */; };
		353064051EC4CD99003F542B /* LoadingViewController.swift in Sources */ = {isa = PBXBuildFile; fileRef = 353064041EC4CD99003F542B /* LoadingViewController.swift */; };
		353064261EC4D42F003F542B /* ApplicationsViewModel.swift in Sources */ = {isa = PBXBuildFile; fileRef = 353064251EC4D42F003F542B /* ApplicationsViewModel.swift */; };
		3530642A1EC4D513003F542B /* TableApplicationsViewController.swift in Sources */ = {isa = PBXBuildFile; fileRef = 353064291EC4D513003F542B /* TableApplicationsViewController.swift */; };
		3530642D1EC4D794003F542B /* ApplicationsViewCell.swift in Sources */ = {isa = PBXBuildFile; fileRef = 3530642B1EC4D794003F542B /* ApplicationsViewCell.swift */; };
		3530642E1EC4D794003F542B /* ApplicationsViewCell.xib in Resources */ = {isa = PBXBuildFile; fileRef = 3530642C1EC4D794003F542B /* ApplicationsViewCell.xib */; };
		353064341EC4E146003F542B /* ApplicationsCollectionCell.swift in Sources */ = {isa = PBXBuildFile; fileRef = 353064321EC4E146003F542B /* ApplicationsCollectionCell.swift */; };
		353064351EC4E146003F542B /* ApplicationsCollectionCell.xib in Resources */ = {isa = PBXBuildFile; fileRef = 353064331EC4E146003F542B /* ApplicationsCollectionCell.xib */; };
		353064381EC503E9003F542B /* CollectionApplicationsViewController.swift in Sources */ = {isa = PBXBuildFile; fileRef = 353064371EC503E9003F542B /* CollectionApplicationsViewController.swift */; };
/* End PBXBuildFile section */

/* Begin PBXFileReference section */
		0AF77D8C53A43A461105B7BF /* Pods-Momentum.debug.xcconfig */ = {isa = PBXFileReference; includeInIndex = 1; lastKnownFileType = text.xcconfig; name = "Pods-Momentum.debug.xcconfig"; path = "Pods/Target Support Files/Pods-Momentum/Pods-Momentum.debug.xcconfig"; sourceTree = "<group>"; };
		353063CD1EC4B652003F542B /* Momentum.app */ = {isa = PBXFileReference; explicitFileType = wrapper.application; includeInIndex = 0; path = Momentum.app; sourceTree = BUILT_PRODUCTS_DIR; };
		353063D01EC4B652003F542B /* AppDelegate.swift */ = {isa = PBXFileReference; lastKnownFileType = sourcecode.swift; path = AppDelegate.swift; sourceTree = "<group>"; };
		353063D51EC4B652003F542B /* Base */ = {isa = PBXFileReference; lastKnownFileType = file.storyboard; name = Base; path = Base.lproj/Main.storyboard; sourceTree = "<group>"; };
		353063D71EC4B652003F542B /* Assets.xcassets */ = {isa = PBXFileReference; lastKnownFileType = folder.assetcatalog; path = Assets.xcassets; sourceTree = "<group>"; };
		353063DA1EC4B652003F542B /* Base */ = {isa = PBXFileReference; lastKnownFileType = file.storyboard; name = Base; path = Base.lproj/LaunchScreen.storyboard; sourceTree = "<group>"; };
		353063DC1EC4B652003F542B /* Info.plist */ = {isa = PBXFileReference; lastKnownFileType = text.plist.xml; path = Info.plist; sourceTree = "<group>"; };
		353063E21EC4B81F003F542B /* Constants.swift */ = {isa = PBXFileReference; fileEncoding = 4; lastKnownFileType = sourcecode.swift; path = Constants.swift; sourceTree = "<group>"; };
		353063E51EC4B854003F542B /* MomentumApiClient.swift */ = {isa = PBXFileReference; fileEncoding = 4; lastKnownFileType = sourcecode.swift; path = MomentumApiClient.swift; sourceTree = "<group>"; };
		353063E81EC4B915003F542B /* MomentumRouter.swift */ = {isa = PBXFileReference; fileEncoding = 4; lastKnownFileType = sourcecode.swift; path = MomentumRouter.swift; sourceTree = "<group>"; };
		353063EA1EC4BEC2003F542B /* ApplicationsResponse.swift */ = {isa = PBXFileReference; fileEncoding = 4; lastKnownFileType = sourcecode.swift; path = ApplicationsResponse.swift; sourceTree = "<group>"; };
		353063EC1EC4BEF6003F542B /* Application.swift */ = {isa = PBXFileReference; fileEncoding = 4; lastKnownFileType = sourcecode.swift; path = Application.swift; sourceTree = "<group>"; };
		353063EE1EC4BFFE003F542B /* Model.xcdatamodel */ = {isa = PBXFileReference; lastKnownFileType = wrapper.xcdatamodel; path = Model.xcdatamodel; sourceTree = "<group>"; };
		353063F01EC4C085003F542B /* CDApplication.swift */ = {isa = PBXFileReference; fileEncoding = 4; lastKnownFileType = sourcecode.swift; path = CDApplication.swift; sourceTree = "<group>"; };
		353063F11EC4C085003F542B /* CDApplication+CoreDataProperties.swift */ = {isa = PBXFileReference; fileEncoding = 4; lastKnownFileType = sourcecode.swift; path = "CDApplication+CoreDataProperties.swift"; sourceTree = "<group>"; };
		353063F21EC4C085003F542B /* CDPhoto.swift */ = {isa = PBXFileReference; fileEncoding = 4; lastKnownFileType = sourcecode.swift; path = CDPhoto.swift; sourceTree = "<group>"; };
		353063F31EC4C085003F542B /* CDPhoto+CoreDataProperties.swift */ = {isa = PBXFileReference; fileEncoding = 4; lastKnownFileType = sourcecode.swift; path = "CDPhoto+CoreDataProperties.swift"; sourceTree = "<group>"; };
		353063FC1EC4C43E003F542B /* CoreDataOperations.swift */ = {isa = PBXFileReference; fileEncoding = 4; lastKnownFileType = sourcecode.swift; path = CoreDataOperations.swift; sourceTree = "<group>"; };
		353063FE1EC4C862003F542B /* LoadingViewModel.swift */ = {isa = PBXFileReference; fileEncoding = 4; lastKnownFileType = sourcecode.swift; path = LoadingViewModel.swift; sourceTree = "<group>"; };
		353064021EC4C9E3003F542B /* Protocols.swift */ = {isa = PBXFileReference; fileEncoding = 4; lastKnownFileType = sourcecode.swift; path = Protocols.swift; sourceTree = "<group>"; };
		353064041EC4CD99003F542B /* LoadingViewController.swift */ = {isa = PBXFileReference; fileEncoding = 4; lastKnownFileType = sourcecode.swift; path = LoadingViewController.swift; sourceTree = "<group>"; };
		353064251EC4D42F003F542B /* ApplicationsViewModel.swift */ = {isa = PBXFileReference; fileEncoding = 4; lastKnownFileType = sourcecode.swift; path = ApplicationsViewModel.swift; sourceTree = "<group>"; };
		353064291EC4D513003F542B /* TableApplicationsViewController.swift */ = {isa = PBXFileReference; fileEncoding = 4; lastKnownFileType = sourcecode.swift; path = TableApplicationsViewController.swift; sourceTree = "<group>"; };
		3530642B1EC4D794003F542B /* ApplicationsViewCell.swift */ = {isa = PBXFileReference; fileEncoding = 4; lastKnownFileType = sourcecode.swift; path = ApplicationsViewCell.swift; sourceTree = "<group>"; };
		3530642C1EC4D794003F542B /* ApplicationsViewCell.xib */ = {isa = PBXFileReference; fileEncoding = 4; lastKnownFileType = file.xib; path = ApplicationsViewCell.xib; sourceTree = "<group>"; };
		353064321EC4E146003F542B /* ApplicationsCollectionCell.swift */ = {isa = PBXFileReference; fileEncoding = 4; lastKnownFileType = sourcecode.swift; path = ApplicationsCollectionCell.swift; sourceTree = "<group>"; };
		353064331EC4E146003F542B /* ApplicationsCollectionCell.xib */ = {isa = PBXFileReference; fileEncoding = 4; lastKnownFileType = file.xib; path = ApplicationsCollectionCell.xib; sourceTree = "<group>"; };
		353064371EC503E9003F542B /* CollectionApplicationsViewController.swift */ = {isa = PBXFileReference; fileEncoding = 4; lastKnownFileType = sourcecode.swift; path = CollectionApplicationsViewController.swift; sourceTree = "<group>"; };
		3C8F4DDAC7605F911B5D3FC2 /* Pods_Momentum.framework */ = {isa = PBXFileReference; explicitFileType = wrapper.framework; includeInIndex = 0; path = Pods_Momentum.framework; sourceTree = BUILT_PRODUCTS_DIR; };
		B0E58E8B714D60B5091EF9B9 /* Pods-Momentum.release.xcconfig */ = {isa = PBXFileReference; includeInIndex = 1; lastKnownFileType = text.xcconfig; name = "Pods-Momentum.release.xcconfig"; path = "Pods/Target Support Files/Pods-Momentum/Pods-Momentum.release.xcconfig"; sourceTree = "<group>"; };
/* End PBXFileReference section */

/* Begin PBXFrameworksBuildPhase section */
		353063CA1EC4B652003F542B /* Frameworks */ = {
			isa = PBXFrameworksBuildPhase;
			buildActionMask = 2147483647;
			files = (
				1E0767C02EEE6CEE402AA8C0 /* Pods_Momentum.framework in Frameworks */,
			);
			runOnlyForDeploymentPostprocessing = 0;
		};
/* End PBXFrameworksBuildPhase section */

/* Begin PBXGroup section */
		353063C41EC4B652003F542B = {
			isa = PBXGroup;
			children = (
				353063CF1EC4B652003F542B /* Momentum */,
				353063CE1EC4B652003F542B /* Products */,
				645836ECAA26FD01E393E8D3 /* Pods */,
				BA578FED7487ED2FFB27DCB6 /* Frameworks */,
			);
			sourceTree = "<group>";
		};
		353063CE1EC4B652003F542B /* Products */ = {
			isa = PBXGroup;
			children = (
				353063CD1EC4B652003F542B /* Momentum.app */,
			);
			name = Products;
			sourceTree = "<group>";
		};
		353063CF1EC4B652003F542B /* Momentum */ = {
			isa = PBXGroup;
			children = (
				353064241EC4D3F0003F542B /* View Controllers */,
				353064001EC4C9BB003F542B /* View Models */,
				353063FB1EC4C32B003F542B /* Models */,
				353063E41EC4B834003F542B /* Utils */,
				353063E71EC4B8C9003F542B /* Network */,
				353064301EC4DC71003F542B /* Views */,
				353063D01EC4B652003F542B /* AppDelegate.swift */,
				353063D41EC4B652003F542B /* Main.storyboard */,
				353063D71EC4B652003F542B /* Assets.xcassets */,
				353063D91EC4B652003F542B /* LaunchScreen.storyboard */,
				353063DC1EC4B652003F542B /* Info.plist */,
			);
			path = Momentum;
			sourceTree = "<group>";
		};
		353063E41EC4B834003F542B /* Utils */ = {
			isa = PBXGroup;
			children = (
				353064021EC4C9E3003F542B /* Protocols.swift */,
				353063E21EC4B81F003F542B /* Constants.swift */,
			);
			name = Utils;
			sourceTree = "<group>";
		};
		353063E71EC4B8C9003F542B /* Network */ = {
			isa = PBXGroup;
			children = (
				353063E81EC4B915003F542B /* MomentumRouter.swift */,
				353063E51EC4B854003F542B /* MomentumApiClient.swift */,
			);
			name = Network;
			sourceTree = "<group>";
		};
		353063F81EC4C0BC003F542B /* Machine Files */ = {
			isa = PBXGroup;
			children = (
				353063F11EC4C085003F542B /* CDApplication+CoreDataProperties.swift */,
				353063F31EC4C085003F542B /* CDPhoto+CoreDataProperties.swift */,
			);
			name = "Machine Files";
			sourceTree = "<group>";
		};
		353063F91EC4C0C6003F542B /* Human Files */ = {
			isa = PBXGroup;
			children = (
				353063F01EC4C085003F542B /* CDApplication.swift */,
				353063F21EC4C085003F542B /* CDPhoto.swift */,
			);
			name = "Human Files";
			sourceTree = "<group>";
		};
		353063FA1EC4C0CF003F542B /* Core Data */ = {
			isa = PBXGroup;
			children = (
				353063F91EC4C0C6003F542B /* Human Files */,
				353063F81EC4C0BC003F542B /* Machine Files */,
				353063EE1EC4BFFE003F542B /* Model.xcdatamodel */,
				353063FC1EC4C43E003F542B /* CoreDataOperations.swift */,
			);
			name = "Core Data";
			sourceTree = "<group>";
		};
		353063FB1EC4C32B003F542B /* Models */ = {
			isa = PBXGroup;
			children = (
				353063EA1EC4BEC2003F542B /* ApplicationsResponse.swift */,
				353063EC1EC4BEF6003F542B /* Application.swift */,
				353063FA1EC4C0CF003F542B /* Core Data */,
			);
			name = Models;
			sourceTree = "<group>";
		};
		353064001EC4C9BB003F542B /* View Models */ = {
			isa = PBXGroup;
			children = (
				353064011EC4C9C5003F542B /* Loading View */,
				353064271EC4D4BF003F542B /* Applications View */,
			);
			name = "View Models";
			sourceTree = "<group>";
		};
		353064011EC4C9C5003F542B /* Loading View */ = {
			isa = PBXGroup;
			children = (
				353063FE1EC4C862003F542B /* LoadingViewModel.swift */,
			);
			name = "Loading View";
			sourceTree = "<group>";
		};
		353064241EC4D3F0003F542B /* View Controllers */ = {
			isa = PBXGroup;
			children = (
				353064281EC4D4DE003F542B /* Loading View */,
				3530643A1EC5094E003F542B /* Applications View */,
			);
			name = "View Controllers";
			sourceTree = "<group>";
		};
		353064271EC4D4BF003F542B /* Applications View */ = {
			isa = PBXGroup;
			children = (
				353064251EC4D42F003F542B /* ApplicationsViewModel.swift */,
			);
			name = "Applications View";
			sourceTree = "<group>";
		};
		353064281EC4D4DE003F542B /* Loading View */ = {
			isa = PBXGroup;
			children = (
				353064041EC4CD99003F542B /* LoadingViewController.swift */,
			);
			name = "Loading View";
			sourceTree = "<group>";
		};
		3530642F1EC4DB68003F542B /* Table Applications View */ = {
			isa = PBXGroup;
			children = (
				353064291EC4D513003F542B /* TableApplicationsViewController.swift */,
			);
			name = "Table Applications View";
			sourceTree = "<group>";
		};
		353064301EC4DC71003F542B /* Views */ = {
			isa = PBXGroup;
			children = (
				353064311EC4DC7A003F542B /* Applications Table Cell */,
				353064361EC50229003F542B /* Applications Collection Cell */,
			);
			name = Views;
			sourceTree = "<group>";
		};
		353064311EC4DC7A003F542B /* Applications Table Cell */ = {
			isa = PBXGroup;
			children = (
				3530642B1EC4D794003F542B /* ApplicationsViewCell.swift */,
				3530642C1EC4D794003F542B /* ApplicationsViewCell.xib */,
			);
			name = "Applications Table Cell";
			sourceTree = "<group>";
		};
		353064361EC50229003F542B /* Applications Collection Cell */ = {
			isa = PBXGroup;
			children = (
				353064321EC4E146003F542B /* ApplicationsCollectionCell.swift */,
				353064331EC4E146003F542B /* ApplicationsCollectionCell.xib */,
			);
			name = "Applications Collection Cell";
			sourceTree = "<group>";
		};
		353064391EC50940003F542B /* Collection Applications View */ = {
			isa = PBXGroup;
			children = (
				353064371EC503E9003F542B /* CollectionApplicationsViewController.swift */,
			);
			name = "Collection Applications View";
			sourceTree = "<group>";
		};
		3530643A1EC5094E003F542B /* Applications View */ = {
			isa = PBXGroup;
			children = (
				3530642F1EC4DB68003F542B /* Table Applications View */,
				353064391EC50940003F542B /* Collection Applications View */,
			);
			name = "Applications View";
			sourceTree = "<group>";
		};
		645836ECAA26FD01E393E8D3 /* Pods */ = {
			isa = PBXGroup;
			children = (
				0AF77D8C53A43A461105B7BF /* Pods-Momentum.debug.xcconfig */,
				B0E58E8B714D60B5091EF9B9 /* Pods-Momentum.release.xcconfig */,
			);
			name = Pods;
			sourceTree = "<group>";
		};
		BA578FED7487ED2FFB27DCB6 /* Frameworks */ = {
			isa = PBXGroup;
			children = (
				3C8F4DDAC7605F911B5D3FC2 /* Pods_Momentum.framework */,
			);
			name = Frameworks;
			sourceTree = "<group>";
		};
/* End PBXGroup section */

/* Begin PBXNativeTarget section */
		353063CC1EC4B652003F542B /* Momentum */ = {
			isa = PBXNativeTarget;
			buildConfigurationList = 353063DF1EC4B652003F542B /* Build configuration list for PBXNativeTarget "Momentum" */;
			buildPhases = (
				A8D171F2FBF33EE05CB57BAF /* [CP] Check Pods Manifest.lock */,
				353063C91EC4B652003F542B /* Sources */,
				353063CA1EC4B652003F542B /* Frameworks */,
				353063CB1EC4B652003F542B /* Resources */,
				05F31EC34CF049DB4C2C391D /* [CP] Embed Pods Frameworks */,
				A3BCDF3B78D48957D87AB546 /* [CP] Copy Pods Resources */,
			);
			buildRules = (
			);
			dependencies = (
			);
			name = Momentum;
			productName = Momentum;
			productReference = 353063CD1EC4B652003F542B /* Momentum.app */;
			productType = "com.apple.product-type.application";
		};
/* End PBXNativeTarget section */

/* Begin PBXProject section */
		353063C51EC4B652003F542B /* Project object */ = {
			isa = PBXProject;
			attributes = {
				LastSwiftUpdateCheck = 0820;
				LastUpgradeCheck = 0820;
				ORGANIZATIONNAME = ARF;
				TargetAttributes = {
					353063CC1EC4B652003F542B = {
						CreatedOnToolsVersion = 8.2.1;
						DevelopmentTeam = GTY3SWQ26V;
						ProvisioningStyle = Automatic;
					};
				};
			};
			buildConfigurationList = 353063C81EC4B652003F542B /* Build configuration list for PBXProject "Momentum" */;
			compatibilityVersion = "Xcode 3.2";
			developmentRegion = English;
			hasScannedForEncodings = 0;
			knownRegions = (
				en,
				Base,
			);
			mainGroup = 353063C41EC4B652003F542B;
			productRefGroup = 353063CE1EC4B652003F542B /* Products */;
			projectDirPath = "";
			projectRoot = "";
			targets = (
				353063CC1EC4B652003F542B /* Momentum */,
			);
		};
/* End PBXProject section */

/* Begin PBXResourcesBuildPhase section */
		353063CB1EC4B652003F542B /* Resources */ = {
			isa = PBXResourcesBuildPhase;
			buildActionMask = 2147483647;
			files = (
				353063DB1EC4B652003F542B /* LaunchScreen.storyboard in Resources */,
				353063D81EC4B652003F542B /* Assets.xcassets in Resources */,
				353063D61EC4B652003F542B /* Main.storyboard in Resources */,
				3530642E1EC4D794003F542B /* ApplicationsViewCell.xib in Resources */,
				353064351EC4E146003F542B /* ApplicationsCollectionCell.xib in Resources */,
			);
			runOnlyForDeploymentPostprocessing = 0;
		};
/* End PBXResourcesBuildPhase section */

/* Begin PBXShellScriptBuildPhase section */
		05F31EC34CF049DB4C2C391D /* [CP] Embed Pods Frameworks */ = {
			isa = PBXShellScriptBuildPhase;
			buildActionMask = 2147483647;
			files = (
			);
			inputPaths = (
			);
			name = "[CP] Embed Pods Frameworks";
			outputPaths = (
			);
			runOnlyForDeploymentPostprocessing = 0;
			shellPath = /bin/sh;
			shellScript = "\"${SRCROOT}/Pods/Target Support Files/Pods-Momentum/Pods-Momentum-frameworks.sh\"\n";
			showEnvVarsInLog = 0;
		};
		A3BCDF3B78D48957D87AB546 /* [CP] Copy Pods Resources */ = {
			isa = PBXShellScriptBuildPhase;
			buildActionMask = 2147483647;
			files = (
			);
			inputPaths = (
			);
			name = "[CP] Copy Pods Resources";
			outputPaths = (
			);
			runOnlyForDeploymentPostprocessing = 0;
			shellPath = /bin/sh;
			shellScript = "\"${SRCROOT}/Pods/Target Support Files/Pods-Momentum/Pods-Momentum-resources.sh\"\n";
			showEnvVarsInLog = 0;
		};
		A8D171F2FBF33EE05CB57BAF /* [CP] Check Pods Manifest.lock */ = {
			isa = PBXShellScriptBuildPhase;
			buildActionMask = 2147483647;
			files = (
			);
			inputPaths = (
			);
			name = "[CP] Check Pods Manifest.lock";
			outputPaths = (
			);
			runOnlyForDeploymentPostprocessing = 0;
			shellPath = /bin/sh;
			shellScript = "diff \"${PODS_ROOT}/../Podfile.lock\" \"${PODS_ROOT}/Manifest.lock\" > /dev/null\nif [ $? != 0 ] ; then\n    # print error to STDERR\n    echo \"error: The sandbox is not in sync with the Podfile.lock. Run 'pod install' or update your CocoaPods installation.\" >&2\n    exit 1\nfi\n";
			showEnvVarsInLog = 0;
		};
/* End PBXShellScriptBuildPhase section */

/* Begin PBXSourcesBuildPhase section */
		353063C91EC4B652003F542B /* Sources */ = {
			isa = PBXSourcesBuildPhase;
			buildActionMask = 2147483647;
			files = (
				353064031EC4C9E3003F542B /* Protocols.swift in Sources */,
				353063ED1EC4BEF6003F542B /* Application.swift in Sources */,
				353064051EC4CD99003F542B /* LoadingViewController.swift in Sources */,
				353063E61EC4B854003F542B /* MomentumApiClient.swift in Sources */,
				353063FF1EC4C862003F542B /* LoadingViewModel.swift in Sources */,
				353063D11EC4B652003F542B /* AppDelegate.swift in Sources */,
				353063EB1EC4BEC2003F542B /* ApplicationsResponse.swift in Sources */,
				353064381EC503E9003F542B /* CollectionApplicationsViewController.swift in Sources */,
				353063F51EC4C085003F542B /* CDApplication+CoreDataProperties.swift in Sources */,
				353063F71EC4C085003F542B /* CDPhoto+CoreDataProperties.swift in Sources */,
				3530642A1EC4D513003F542B /* TableApplicationsViewController.swift in Sources */,
				353064261EC4D42F003F542B /* ApplicationsViewModel.swift in Sources */,
				353063FD1EC4C43E003F542B /* CoreDataOperations.swift in Sources */,
				353063E31EC4B81F003F542B /* Constants.swift in Sources */,
				353064341EC4E146003F542B /* ApplicationsCollectionCell.swift in Sources */,
				353063EF1EC4BFFE003F542B /* Model.xcdatamodel in Sources */,
				353063E91EC4B915003F542B /* MomentumRouter.swift in Sources */,
				353063F61EC4C085003F542B /* CDPhoto.swift in Sources */,
				353063F41EC4C085003F542B /* CDApplication.swift in Sources */,
				3530642D1EC4D794003F542B /* ApplicationsViewCell.swift in Sources */,
			);
			runOnlyForDeploymentPostprocessing = 0;
		};
/* End PBXSourcesBuildPhase section */

/* Begin PBXVariantGroup section */
		353063D41EC4B652003F542B /* Main.storyboard */ = {
			isa = PBXVariantGroup;
			children = (
				353063D51EC4B652003F542B /* Base */,
			);
			name = Main.storyboard;
			sourceTree = "<group>";
		};
		353063D91EC4B652003F542B /* LaunchScreen.storyboard */ = {
			isa = PBXVariantGroup;
			children = (
				353063DA1EC4B652003F542B /* Base */,
			);
			name = LaunchScreen.storyboard;
			sourceTree = "<group>";
		};
/* End PBXVariantGroup section */

/* Begin XCBuildConfiguration section */
		353063DD1EC4B652003F542B /* Debug */ = {
			isa = XCBuildConfiguration;
			buildSettings = {
				ALWAYS_SEARCH_USER_PATHS = NO;
				CLANG_ANALYZER_NONNULL = YES;
				CLANG_CXX_LANGUAGE_STANDARD = "gnu++0x";
				CLANG_CXX_LIBRARY = "libc++";
				CLANG_ENABLE_MODULES = YES;
				CLANG_ENABLE_OBJC_ARC = YES;
				CLANG_WARN_BOOL_CONVERSION = YES;
				CLANG_WARN_CONSTANT_CONVERSION = YES;
				CLANG_WARN_DIRECT_OBJC_ISA_USAGE = YES_ERROR;
				CLANG_WARN_DOCUMENTATION_COMMENTS = YES;
				CLANG_WARN_EMPTY_BODY = YES;
				CLANG_WARN_ENUM_CONVERSION = YES;
				CLANG_WARN_INFINITE_RECURSION = YES;
				CLANG_WARN_INT_CONVERSION = YES;
				CLANG_WARN_OBJC_ROOT_CLASS = YES_ERROR;
				CLANG_WARN_SUSPICIOUS_MOVE = YES;
				CLANG_WARN_UNREACHABLE_CODE = YES;
				CLANG_WARN__DUPLICATE_METHOD_MATCH = YES;
				"CODE_SIGN_IDENTITY[sdk=iphoneos*]" = "iPhone Developer";
				COPY_PHASE_STRIP = NO;
				DEBUG_INFORMATION_FORMAT = dwarf;
				ENABLE_STRICT_OBJC_MSGSEND = YES;
				ENABLE_TESTABILITY = YES;
				GCC_C_LANGUAGE_STANDARD = gnu99;
				GCC_DYNAMIC_NO_PIC = NO;
				GCC_NO_COMMON_BLOCKS = YES;
				GCC_OPTIMIZATION_LEVEL = 0;
				GCC_PREPROCESSOR_DEFINITIONS = (
					"DEBUG=1",
					"$(inherited)",
				);
				GCC_WARN_64_TO_32_BIT_CONVERSION = YES;
				GCC_WARN_ABOUT_RETURN_TYPE = YES_ERROR;
				GCC_WARN_UNDECLARED_SELECTOR = YES;
				GCC_WARN_UNINITIALIZED_AUTOS = YES_AGGRESSIVE;
				GCC_WARN_UNUSED_FUNCTION = YES;
				GCC_WARN_UNUSED_VARIABLE = YES;
				IPHONEOS_DEPLOYMENT_TARGET = 10.2;
				MTL_ENABLE_DEBUG_INFO = YES;
				ONLY_ACTIVE_ARCH = YES;
				SDKROOT = iphoneos;
				SWIFT_ACTIVE_COMPILATION_CONDITIONS = DEBUG;
				SWIFT_OPTIMIZATION_LEVEL = "-Onone";
			};
			name = Debug;
		};
		353063DE1EC4B652003F542B /* Release */ = {
			isa = XCBuildConfiguration;
			buildSettings = {
				ALWAYS_SEARCH_USER_PATHS = NO;
				CLANG_ANALYZER_NONNULL = YES;
				CLANG_CXX_LANGUAGE_STANDARD = "gnu++0x";
				CLANG_CXX_LIBRARY = "libc++";
				CLANG_ENABLE_MODULES = YES;
				CLANG_ENABLE_OBJC_ARC = YES;
				CLANG_WARN_BOOL_CONVERSION = YES;
				CLANG_WARN_CONSTANT_CONVERSION = YES;
				CLANG_WARN_DIRECT_OBJC_ISA_USAGE = YES_ERROR;
				CLANG_WARN_DOCUMENTATION_COMMENTS = YES;
				CLANG_WARN_EMPTY_BODY = YES;
				CLANG_WARN_ENUM_CONVERSION = YES;
				CLANG_WARN_INFINITE_RECURSION = YES;
				CLANG_WARN_INT_CONVERSION = YES;
				CLANG_WARN_OBJC_ROOT_CLASS = YES_ERROR;
				CLANG_WARN_SUSPICIOUS_MOVE = YES;
				CLANG_WARN_UNREACHABLE_CODE = YES;
				CLANG_WARN__DUPLICATE_METHOD_MATCH = YES;
				"CODE_SIGN_IDENTITY[sdk=iphoneos*]" = "iPhone Developer";
				COPY_PHASE_STRIP = NO;
				DEBUG_INFORMATION_FORMAT = "dwarf-with-dsym";
				ENABLE_NS_ASSERTIONS = NO;
				ENABLE_STRICT_OBJC_MSGSEND = YES;
				GCC_C_LANGUAGE_STANDARD = gnu99;
				GCC_NO_COMMON_BLOCKS = YES;
				GCC_WARN_64_TO_32_BIT_CONVERSION = YES;
				GCC_WARN_ABOUT_RETURN_TYPE = YES_ERROR;
				GCC_WARN_UNDECLARED_SELECTOR = YES;
				GCC_WARN_UNINITIALIZED_AUTOS = YES_AGGRESSIVE;
				GCC_WARN_UNUSED_FUNCTION = YES;
				GCC_WARN_UNUSED_VARIABLE = YES;
				IPHONEOS_DEPLOYMENT_TARGET = 10.2;
				MTL_ENABLE_DEBUG_INFO = NO;
				SDKROOT = iphoneos;
				SWIFT_OPTIMIZATION_LEVEL = "-Owholemodule";
				VALIDATE_PRODUCT = YES;
			};
			name = Release;
		};
		353063E01EC4B652003F542B /* Debug */ = {
			isa = XCBuildConfiguration;
			baseConfigurationReference = 0AF77D8C53A43A461105B7BF /* Pods-Momentum.debug.xcconfig */;
			buildSettings = {
				ASSETCATALOG_COMPILER_APPICON_NAME = AppIcon;
				DEVELOPMENT_TEAM = GTY3SWQ26V;
				INFOPLIST_FILE = Momentum/Info.plist;
				LD_RUNPATH_SEARCH_PATHS = "$(inherited) @executable_path/Frameworks";
				PRODUCT_BUNDLE_IDENTIFIER = com.ARF.Momentum;
				PRODUCT_NAME = "$(TARGET_NAME)";
				SWIFT_VERSION = 3.0;
			};
			name = Debug;
		};
		353063E11EC4B652003F542B /* Release */ = {
			isa = XCBuildConfiguration;
			baseConfigurationReference = B0E58E8B714D60B5091EF9B9 /* Pods-Momentum.release.xcconfig */;
			buildSettings = {
				ASSETCATALOG_COMPILER_APPICON_NAME = AppIcon;
				DEVELOPMENT_TEAM = GTY3SWQ26V;
				INFOPLIST_FILE = Momentum/Info.plist;
				LD_RUNPATH_SEARCH_PATHS = "$(inherited) @executable_path/Frameworks";
				PRODUCT_BUNDLE_IDENTIFIER = com.ARF.Momentum;
				PRODUCT_NAME = "$(TARGET_NAME)";
				SWIFT_VERSION = 3.0;
			};
			name = Release;
		};
/* End XCBuildConfiguration section */

/* Begin XCConfigurationList section */
		353063C81EC4B652003F542B /* Build configuration list for PBXProject "Momentum" */ = {
			isa = XCConfigurationList;
			buildConfigurations = (
				353063DD1EC4B652003F542B /* Debug */,
				353063DE1EC4B652003F542B /* Release */,
			);
			defaultConfigurationIsVisible = 0;
			defaultConfigurationName = Release;
		};
		353063DF1EC4B652003F542B /* Build configuration list for PBXNativeTarget "Momentum" */ = {
			isa = XCConfigurationList;
			buildConfigurations = (
				353063E01EC4B652003F542B /* Debug */,
				353063E11EC4B652003F542B /* Release */,
			);
			defaultConfigurationIsVisible = 0;
			defaultConfigurationName = Release;
		};
/* End XCConfigurationList section */
	};
	rootObject = 353063C51EC4B652003F542B /* Project object */;
}
